// !$*UTF8*$!
{
	archiveVersion = 1;
	classes = {
	};
	objectVersion = 46;
	objects = {

/* Begin PBXBuildFile section */
		00E356F31AD99517003FC87E /* demoBuroTests.m in Sources */ = {isa = PBXBuildFile; fileRef = 00E356F21AD99517003FC87E /* demoBuroTests.m */; };
		0E8359268C5343BCDE973845 /* libPods-demoBuroTests.a in Frameworks */ = {isa = PBXBuildFile; fileRef = 31E9BCADD9A888726B50F0F2 /* libPods-demoBuroTests.a */; };
		13B07FBC1A68108700A75B9A /* AppDelegate.m in Sources */ = {isa = PBXBuildFile; fileRef = 13B07FB01A68108700A75B9A /* AppDelegate.m */; };
		13B07FBD1A68108700A75B9A /* LaunchScreen.xib in Resources */ = {isa = PBXBuildFile; fileRef = 13B07FB11A68108700A75B9A /* LaunchScreen.xib */; };
		13B07FBF1A68108700A75B9A /* Images.xcassets in Resources */ = {isa = PBXBuildFile; fileRef = 13B07FB51A68108700A75B9A /* Images.xcassets */; };
		13B07FC11A68108700A75B9A /* main.m in Sources */ = {isa = PBXBuildFile; fileRef = 13B07FB71A68108700A75B9A /* main.m */; };
		2D02E4BC1E0B4A80006451C7 /* AppDelegate.m in Sources */ = {isa = PBXBuildFile; fileRef = 13B07FB01A68108700A75B9A /* AppDelegate.m */; };
		2D02E4BD1E0B4A84006451C7 /* Images.xcassets in Resources */ = {isa = PBXBuildFile; fileRef = 13B07FB51A68108700A75B9A /* Images.xcassets */; };
		2D02E4BF1E0B4AB3006451C7 /* main.m in Sources */ = {isa = PBXBuildFile; fileRef = 13B07FB71A68108700A75B9A /* main.m */; };
		2DCD954D1E0B4F2C00145EB5 /* demoBuroTests.m in Sources */ = {isa = PBXBuildFile; fileRef = 00E356F21AD99517003FC87E /* demoBuroTests.m */; };
		4FDAAF5523CE733400EEBAAA /* MainViewController.m in Sources */ = {isa = PBXBuildFile; fileRef = 4FDAAF5323CE733400EEBAAA /* MainViewController.m */; };
		4FDAAF7723CE746300EEBAAA /* NSString+Liveness.m in Sources */ = {isa = PBXBuildFile; fileRef = 4FDAAF5723CE746300EEBAAA /* NSString+Liveness.m */; };
		4FDAAF7823CE746300EEBAAA /* LivenessViewController.m in Sources */ = {isa = PBXBuildFile; fileRef = 4FDAAF5A23CE746300EEBAAA /* LivenessViewController.m */; };
		4FDAAF7923CE746300EEBAAA /* LivenessTutorialViewController.m in Sources */ = {isa = PBXBuildFile; fileRef = 4FDAAF5B23CE746300EEBAAA /* LivenessTutorialViewController.m */; };
		4FDAAF7A23CE746300EEBAAA /* FacialCaptureUX.strings in Resources */ = {isa = PBXBuildFile; fileRef = 4FDAAF5D23CE746300EEBAAA /* FacialCaptureUX.strings */; };
		4FDAAF7B23CE746300EEBAAA /* FacialCaptureUX.storyboard in Resources */ = {isa = PBXBuildFile; fileRef = 4FDAAF6023CE746300EEBAAA /* FacialCaptureUX.storyboard */; };
		4FDAAF7C23CE746300EEBAAA /* LivenessHelpManualViewController.m in Sources */ = {isa = PBXBuildFile; fileRef = 4FDAAF6223CE746300EEBAAA /* LivenessHelpManualViewController.m */; };
		4FDAAF7D23CE746300EEBAAA /* FacialCaptureLocalizable.strings in Resources */ = {isa = PBXBuildFile; fileRef = 4FDAAF6423CE746300EEBAAA /* FacialCaptureLocalizable.strings */; };
		4FDAAF7E23CE746300EEBAAA /* FacialCaptureAssets.xcassets in Resources */ = {isa = PBXBuildFile; fileRef = 4FDAAF6823CE746300EEBAAA /* FacialCaptureAssets.xcassets */; };
		4FDAAF7F23CE746300EEBAAA /* liveness_photoshutter.wav in Resources */ = {isa = PBXBuildFile; fileRef = 4FDAAF6923CE746300EEBAAA /* liveness_photoshutter.wav */; };
		4FDAAF8023CE746300EEBAAA /* LabelUtils.m in Sources */ = {isa = PBXBuildFile; fileRef = 4FDAAF6C23CE746300EEBAAA /* LabelUtils.m */; };
		4FDAAF8123CE746300EEBAAA /* AutosizeLabel.m in Sources */ = {isa = PBXBuildFile; fileRef = 4FDAAF6D23CE746300EEBAAA /* AutosizeLabel.m */; };
		4FDAAF8223CE746300EEBAAA /* LivenessTimeoutViewController.m in Sources */ = {isa = PBXBuildFile; fileRef = 4FDAAF6F23CE746300EEBAAA /* LivenessTimeoutViewController.m */; };
		4FDAAF8323CE746300EEBAAA /* LivenessHelpAutoViewController.m in Sources */ = {isa = PBXBuildFile; fileRef = 4FDAAF7023CE746300EEBAAA /* LivenessHelpAutoViewController.m */; };
		4FDAAF8423CE746300EEBAAA /* UINavigationController+Liveness.m in Sources */ = {isa = PBXBuildFile; fileRef = 4FDAAF7323CE746300EEBAAA /* UINavigationController+Liveness.m */; };
		4FDAAFAF23CE82FA00EEBAAA /* DaonFaceLiveness.framework in Frameworks */ = {isa = PBXBuildFile; fileRef = 4FDAAFA723CE82F600EEBAAA /* DaonFaceLiveness.framework */; };
		4FDAAFB023CE82FA00EEBAAA /* DaonFaceLiveness.framework in Embed Frameworks */ = {isa = PBXBuildFile; fileRef = 4FDAAFA723CE82F600EEBAAA /* DaonFaceLiveness.framework */; settings = {ATTRIBUTES = (CodeSignOnCopy, RemoveHeadersOnCopy, ); }; };
		4FDAAFB223CE82FC00EEBAAA /* DaonFaceLivenessBlink.framework in Frameworks */ = {isa = PBXBuildFile; fileRef = 4FDAAFA923CE82F600EEBAAA /* DaonFaceLivenessBlink.framework */; };
		4FDAAFB323CE82FC00EEBAAA /* DaonFaceLivenessBlink.framework in Embed Frameworks */ = {isa = PBXBuildFile; fileRef = 4FDAAFA923CE82F600EEBAAA /* DaonFaceLivenessBlink.framework */; settings = {ATTRIBUTES = (CodeSignOnCopy, RemoveHeadersOnCopy, ); }; };
		4FDAAFB423CE82FD00EEBAAA /* DaonFaceQuality.framework in Frameworks */ = {isa = PBXBuildFile; fileRef = 4FDAAFA823CE82F600EEBAAA /* DaonFaceQuality.framework */; };
		4FDAAFB523CE82FD00EEBAAA /* DaonFaceQuality.framework in Embed Frameworks */ = {isa = PBXBuildFile; fileRef = 4FDAAFA823CE82F600EEBAAA /* DaonFaceQuality.framework */; settings = {ATTRIBUTES = (CodeSignOnCopy, RemoveHeadersOnCopy, ); }; };
		4FDAAFB623CE830100EEBAAA /* DaonFaceSDK.framework in Frameworks */ = {isa = PBXBuildFile; fileRef = 4FDAAFA523CE82F600EEBAAA /* DaonFaceSDK.framework */; };
		4FDAAFB723CE830100EEBAAA /* DaonFaceSDK.framework in Embed Frameworks */ = {isa = PBXBuildFile; fileRef = 4FDAAFA523CE82F600EEBAAA /* DaonFaceSDK.framework */; settings = {ATTRIBUTES = (CodeSignOnCopy, RemoveHeadersOnCopy, ); }; };
		4FDAAFB823CE830300EEBAAA /* MiSnapLiveness.framework in Frameworks */ = {isa = PBXBuildFile; fileRef = 4FDAAFA623CE82F600EEBAAA /* MiSnapLiveness.framework */; };
		4FDAAFB923CE830300EEBAAA /* MiSnapLiveness.framework in Embed Frameworks */ = {isa = PBXBuildFile; fileRef = 4FDAAFA623CE82F600EEBAAA /* MiSnapLiveness.framework */; settings = {ATTRIBUTES = (CodeSignOnCopy, RemoveHeadersOnCopy, ); }; };
		594E6DDBFB48A3F47040146B /* libPods-demoBuro-tvOSTests.a in Frameworks */ = {isa = PBXBuildFile; fileRef = C858DB76B8EB2DB8AAED150C /* libPods-demoBuro-tvOSTests.a */; };
		69BE6B453D9832376E6D2919 /* libPods-demoBuro.a in Frameworks */ = {isa = PBXBuildFile; fileRef = AF13ED43C32CE498EC8FA816 /* libPods-demoBuro.a */; };
		B9E459228497767459BEDF3F /* libPods-demoBuro-tvOS.a in Frameworks */ = {isa = PBXBuildFile; fileRef = 3E14C978AA86C41F390EA49D /* libPods-demoBuro-tvOS.a */; };
/* End PBXBuildFile section */

/* Begin PBXContainerItemProxy section */
		00E356F41AD99517003FC87E /* PBXContainerItemProxy */ = {
			isa = PBXContainerItemProxy;
			containerPortal = 83CBB9F71A601CBA00E9B192 /* Project object */;
			proxyType = 1;
			remoteGlobalIDString = 13B07F861A680F5B00A75B9A;
			remoteInfo = demoBuro;
		};
		2D02E4911E0B4A5D006451C7 /* PBXContainerItemProxy */ = {
			isa = PBXContainerItemProxy;
			containerPortal = 83CBB9F71A601CBA00E9B192 /* Project object */;
			proxyType = 1;
			remoteGlobalIDString = 2D02E47A1E0B4A5D006451C7;
			remoteInfo = "demoBuro-tvOS";
		};
/* End PBXContainerItemProxy section */

/* Begin PBXCopyFilesBuildPhase section */
		4FDAAFB123CE82FB00EEBAAA /* Embed Frameworks */ = {
			isa = PBXCopyFilesBuildPhase;
			buildActionMask = 2147483647;
			dstPath = "";
			dstSubfolderSpec = 10;
			files = (
				4FDAAFB723CE830100EEBAAA /* DaonFaceSDK.framework in Embed Frameworks */,
				4FDAAFB023CE82FA00EEBAAA /* DaonFaceLiveness.framework in Embed Frameworks */,
				4FDAAFB923CE830300EEBAAA /* MiSnapLiveness.framework in Embed Frameworks */,
				4FDAAFB323CE82FC00EEBAAA /* DaonFaceLivenessBlink.framework in Embed Frameworks */,
				4FDAAFB523CE82FD00EEBAAA /* DaonFaceQuality.framework in Embed Frameworks */,
			);
			name = "Embed Frameworks";
			runOnlyForDeploymentPostprocessing = 0;
		};
/* End PBXCopyFilesBuildPhase section */

/* Begin PBXFileReference section */
		008F07F21AC5B25A0029DE68 /* main.jsbundle */ = {isa = PBXFileReference; fileEncoding = 4; lastKnownFileType = text; path = main.jsbundle; sourceTree = "<group>"; };
		00E356EE1AD99517003FC87E /* demoBuroTests.xctest */ = {isa = PBXFileReference; explicitFileType = wrapper.cfbundle; includeInIndex = 0; path = demoBuroTests.xctest; sourceTree = BUILT_PRODUCTS_DIR; };
		00E356F11AD99517003FC87E /* Info.plist */ = {isa = PBXFileReference; lastKnownFileType = text.plist.xml; path = Info.plist; sourceTree = "<group>"; };
		00E356F21AD99517003FC87E /* demoBuroTests.m */ = {isa = PBXFileReference; lastKnownFileType = sourcecode.c.objc; path = demoBuroTests.m; sourceTree = "<group>"; };
		02E3CF4F6E053CFAE7FB8C0D /* Pods-demoBuro-tvOSTests.debug.xcconfig */ = {isa = PBXFileReference; includeInIndex = 1; lastKnownFileType = text.xcconfig; name = "Pods-demoBuro-tvOSTests.debug.xcconfig"; path = "Target Support Files/Pods-demoBuro-tvOSTests/Pods-demoBuro-tvOSTests.debug.xcconfig"; sourceTree = "<group>"; };
		05313610CB2EA2AF99AE9E8D /* Pods-demoBuro.release.xcconfig */ = {isa = PBXFileReference; includeInIndex = 1; lastKnownFileType = text.xcconfig; name = "Pods-demoBuro.release.xcconfig"; path = "Target Support Files/Pods-demoBuro/Pods-demoBuro.release.xcconfig"; sourceTree = "<group>"; };
		13B07F961A680F5B00A75B9A /* demoBuro.app */ = {isa = PBXFileReference; explicitFileType = wrapper.application; includeInIndex = 0; path = demoBuro.app; sourceTree = BUILT_PRODUCTS_DIR; };
		13B07FAF1A68108700A75B9A /* AppDelegate.h */ = {isa = PBXFileReference; fileEncoding = 4; lastKnownFileType = sourcecode.c.h; name = AppDelegate.h; path = demoBuro/AppDelegate.h; sourceTree = "<group>"; };
		13B07FB01A68108700A75B9A /* AppDelegate.m */ = {isa = PBXFileReference; fileEncoding = 4; lastKnownFileType = sourcecode.c.objc; name = AppDelegate.m; path = demoBuro/AppDelegate.m; sourceTree = "<group>"; };
		13B07FB21A68108700A75B9A /* Base */ = {isa = PBXFileReference; lastKnownFileType = file.xib; name = Base; path = Base.lproj/LaunchScreen.xib; sourceTree = "<group>"; };
		13B07FB51A68108700A75B9A /* Images.xcassets */ = {isa = PBXFileReference; lastKnownFileType = folder.assetcatalog; name = Images.xcassets; path = demoBuro/Images.xcassets; sourceTree = "<group>"; };
		13B07FB61A68108700A75B9A /* Info.plist */ = {isa = PBXFileReference; fileEncoding = 4; lastKnownFileType = text.plist.xml; name = Info.plist; path = demoBuro/Info.plist; sourceTree = "<group>"; };
		13B07FB71A68108700A75B9A /* main.m */ = {isa = PBXFileReference; fileEncoding = 4; lastKnownFileType = sourcecode.c.objc; name = main.m; path = demoBuro/main.m; sourceTree = "<group>"; };
		2D02E47B1E0B4A5D006451C7 /* demoBuro-tvOS.app */ = {isa = PBXFileReference; explicitFileType = wrapper.application; includeInIndex = 0; path = "demoBuro-tvOS.app"; sourceTree = BUILT_PRODUCTS_DIR; };
		2D02E4901E0B4A5D006451C7 /* demoBuro-tvOSTests.xctest */ = {isa = PBXFileReference; explicitFileType = wrapper.cfbundle; includeInIndex = 0; path = "demoBuro-tvOSTests.xctest"; sourceTree = BUILT_PRODUCTS_DIR; };
		31E9BCADD9A888726B50F0F2 /* libPods-demoBuroTests.a */ = {isa = PBXFileReference; explicitFileType = archive.ar; includeInIndex = 0; path = "libPods-demoBuroTests.a"; sourceTree = BUILT_PRODUCTS_DIR; };
		39ABA1EC1652D3014A723879 /* Pods-demoBuroTests.debug.xcconfig */ = {isa = PBXFileReference; includeInIndex = 1; lastKnownFileType = text.xcconfig; name = "Pods-demoBuroTests.debug.xcconfig"; path = "Target Support Files/Pods-demoBuroTests/Pods-demoBuroTests.debug.xcconfig"; sourceTree = "<group>"; };
		3E14C978AA86C41F390EA49D /* libPods-demoBuro-tvOS.a */ = {isa = PBXFileReference; explicitFileType = archive.ar; includeInIndex = 0; path = "libPods-demoBuro-tvOS.a"; sourceTree = BUILT_PRODUCTS_DIR; };
		425B1581AA8628A1FEB465DC /* Pods-demoBuro-tvOS.release.xcconfig */ = {isa = PBXFileReference; includeInIndex = 1; lastKnownFileType = text.xcconfig; name = "Pods-demoBuro-tvOS.release.xcconfig"; path = "Target Support Files/Pods-demoBuro-tvOS/Pods-demoBuro-tvOS.release.xcconfig"; sourceTree = "<group>"; };
		4FDAAF5323CE733400EEBAAA /* MainViewController.m */ = {isa = PBXFileReference; fileEncoding = 4; lastKnownFileType = sourcecode.c.objc; path = MainViewController.m; sourceTree = "<group>"; };
		4FDAAF5423CE733400EEBAAA /* MainViewController.h */ = {isa = PBXFileReference; fileEncoding = 4; lastKnownFileType = sourcecode.c.h; path = MainViewController.h; sourceTree = "<group>"; };
		4FDAAF5723CE746300EEBAAA /* NSString+Liveness.m */ = {isa = PBXFileReference; fileEncoding = 4; lastKnownFileType = sourcecode.c.objc; path = "NSString+Liveness.m"; sourceTree = "<group>"; };
		4FDAAF5823CE746300EEBAAA /* LivenessHelpAutoViewController.h */ = {isa = PBXFileReference; fileEncoding = 4; lastKnownFileType = sourcecode.c.h; path = LivenessHelpAutoViewController.h; sourceTree = "<group>"; };
		4FDAAF5923CE746300EEBAAA /* UINavigationController+Liveness.h */ = {isa = PBXFileReference; fileEncoding = 4; lastKnownFileType = sourcecode.c.h; path = "UINavigationController+Liveness.h"; sourceTree = "<group>"; };
		4FDAAF5A23CE746300EEBAAA /* LivenessViewController.m */ = {isa = PBXFileReference; fileEncoding = 4; lastKnownFileType = sourcecode.c.objc; path = LivenessViewController.m; sourceTree = "<group>"; };
		4FDAAF5B23CE746300EEBAAA /* LivenessTutorialViewController.m */ = {isa = PBXFileReference; fileEncoding = 4; lastKnownFileType = sourcecode.c.objc; path = LivenessTutorialViewController.m; sourceTree = "<group>"; };
		4FDAAF5E23CE746300EEBAAA /* en */ = {isa = PBXFileReference; lastKnownFileType = text.plist.strings; name = en; path = en.lproj/FacialCaptureUX.strings; sourceTree = "<group>"; };
		4FDAAF5F23CE746300EEBAAA /* es */ = {isa = PBXFileReference; lastKnownFileType = text.plist.strings; name = es; path = es.lproj/FacialCaptureUX.strings; sourceTree = "<group>"; };
		4FDAAF6123CE746300EEBAAA /* Base */ = {isa = PBXFileReference; lastKnownFileType = file.storyboard; name = Base; path = Base.lproj/FacialCaptureUX.storyboard; sourceTree = "<group>"; };
		4FDAAF6223CE746300EEBAAA /* LivenessHelpManualViewController.m */ = {isa = PBXFileReference; fileEncoding = 4; lastKnownFileType = sourcecode.c.objc; path = LivenessHelpManualViewController.m; sourceTree = "<group>"; };
		4FDAAF6523CE746300EEBAAA /* en */ = {isa = PBXFileReference; lastKnownFileType = text.plist.strings; name = en; path = en.lproj/FacialCaptureLocalizable.strings; sourceTree = "<group>"; };
		4FDAAF6623CE746300EEBAAA /* es */ = {isa = PBXFileReference; lastKnownFileType = text.plist.strings; name = es; path = es.lproj/FacialCaptureLocalizable.strings; sourceTree = "<group>"; };
		4FDAAF6723CE746300EEBAAA /* Base */ = {isa = PBXFileReference; lastKnownFileType = text.plist.strings; name = Base; path = Base.lproj/FacialCaptureLocalizable.strings; sourceTree = "<group>"; };
		4FDAAF6823CE746300EEBAAA /* FacialCaptureAssets.xcassets */ = {isa = PBXFileReference; lastKnownFileType = folder.assetcatalog; path = FacialCaptureAssets.xcassets; sourceTree = "<group>"; };
		4FDAAF6923CE746300EEBAAA /* liveness_photoshutter.wav */ = {isa = PBXFileReference; lastKnownFileType = audio.wav; path = liveness_photoshutter.wav; sourceTree = "<group>"; };
		4FDAAF6B23CE746300EEBAAA /* AutosizeLabel.h */ = {isa = PBXFileReference; fileEncoding = 4; lastKnownFileType = sourcecode.c.h; path = AutosizeLabel.h; sourceTree = "<group>"; };
		4FDAAF6C23CE746300EEBAAA /* LabelUtils.m */ = {isa = PBXFileReference; fileEncoding = 4; lastKnownFileType = sourcecode.c.objc; path = LabelUtils.m; sourceTree = "<group>"; };
		4FDAAF6D23CE746300EEBAAA /* AutosizeLabel.m */ = {isa = PBXFileReference; fileEncoding = 4; lastKnownFileType = sourcecode.c.objc; path = AutosizeLabel.m; sourceTree = "<group>"; };
		4FDAAF6E23CE746300EEBAAA /* LabelUtils.h */ = {isa = PBXFileReference; fileEncoding = 4; lastKnownFileType = sourcecode.c.h; path = LabelUtils.h; sourceTree = "<group>"; };
		4FDAAF6F23CE746300EEBAAA /* LivenessTimeoutViewController.m */ = {isa = PBXFileReference; fileEncoding = 4; lastKnownFileType = sourcecode.c.objc; path = LivenessTimeoutViewController.m; sourceTree = "<group>"; };
		4FDAAF7023CE746300EEBAAA /* LivenessHelpAutoViewController.m */ = {isa = PBXFileReference; fileEncoding = 4; lastKnownFileType = sourcecode.c.objc; path = LivenessHelpAutoViewController.m; sourceTree = "<group>"; };
		4FDAAF7123CE746300EEBAAA /* NSString+Liveness.h */ = {isa = PBXFileReference; fileEncoding = 4; lastKnownFileType = sourcecode.c.h; path = "NSString+Liveness.h"; sourceTree = "<group>"; };
		4FDAAF7223CE746300EEBAAA /* LivenessViewController.h */ = {isa = PBXFileReference; fileEncoding = 4; lastKnownFileType = sourcecode.c.h; path = LivenessViewController.h; sourceTree = "<group>"; };
		4FDAAF7323CE746300EEBAAA /* UINavigationController+Liveness.m */ = {isa = PBXFileReference; fileEncoding = 4; lastKnownFileType = sourcecode.c.objc; path = "UINavigationController+Liveness.m"; sourceTree = "<group>"; };
		4FDAAF7423CE746300EEBAAA /* LivenessHelpManualViewController.h */ = {isa = PBXFileReference; fileEncoding = 4; lastKnownFileType = sourcecode.c.h; path = LivenessHelpManualViewController.h; sourceTree = "<group>"; };
		4FDAAF7523CE746300EEBAAA /* LivenessTutorialViewController.h */ = {isa = PBXFileReference; fileEncoding = 4; lastKnownFileType = sourcecode.c.h; path = LivenessTutorialViewController.h; sourceTree = "<group>"; };
		4FDAAF7623CE746300EEBAAA /* LivenessTimeoutViewController.h */ = {isa = PBXFileReference; fileEncoding = 4; lastKnownFileType = sourcecode.c.h; path = LivenessTimeoutViewController.h; sourceTree = "<group>"; };
		4FDAAF8523CE74C700EEBAAA /* DaonFaceLiveness.framework */ = {isa = PBXFileReference; lastKnownFileType = wrapper.framework; name = DaonFaceLiveness.framework; path = ../../../../../Downloads/Latest/MiSnapFacialCapture_v2.1_iOS/SDKs/MiSnapLivenessSDK/DaonFaceLiveness.framework; sourceTree = "<group>"; };
		4FDAAF8623CE74C700EEBAAA /* DaonFaceLivenessBlink.framework */ = {isa = PBXFileReference; lastKnownFileType = wrapper.framework; name = DaonFaceLivenessBlink.framework; path = ../../../../../Downloads/Latest/MiSnapFacialCapture_v2.1_iOS/SDKs/MiSnapLivenessSDK/DaonFaceLivenessBlink.framework; sourceTree = "<group>"; };
		4FDAAF8723CE74C700EEBAAA /* MiSnapLiveness.framework */ = {isa = PBXFileReference; lastKnownFileType = wrapper.framework; name = MiSnapLiveness.framework; path = ../../../../../Downloads/Latest/MiSnapFacialCapture_v2.1_iOS/SDKs/MiSnapLivenessSDK/MiSnapLiveness.framework; sourceTree = "<group>"; };
		4FDAAF8823CE74C700EEBAAA /* DaonFaceQuality.framework */ = {isa = PBXFileReference; lastKnownFileType = wrapper.framework; name = DaonFaceQuality.framework; path = ../../../../../Downloads/Latest/MiSnapFacialCapture_v2.1_iOS/SDKs/MiSnapLivenessSDK/DaonFaceQuality.framework; sourceTree = "<group>"; };
		4FDAAF8923CE74C700EEBAAA /* DaonFaceSDK.framework */ = {isa = PBXFileReference; lastKnownFileType = wrapper.framework; name = DaonFaceSDK.framework; path = ../../../../../Downloads/Latest/MiSnapFacialCapture_v2.1_iOS/SDKs/MiSnapLivenessSDK/DaonFaceSDK.framework; sourceTree = "<group>"; };
		4FDAAFA523CE82F600EEBAAA /* DaonFaceSDK.framework */ = {isa = PBXFileReference; lastKnownFileType = wrapper.framework; path = DaonFaceSDK.framework; sourceTree = "<group>"; };
		4FDAAFA623CE82F600EEBAAA /* MiSnapLiveness.framework */ = {isa = PBXFileReference; lastKnownFileType = wrapper.framework; path = MiSnapLiveness.framework; sourceTree = "<group>"; };
		4FDAAFA723CE82F600EEBAAA /* DaonFaceLiveness.framework */ = {isa = PBXFileReference; lastKnownFileType = wrapper.framework; path = DaonFaceLiveness.framework; sourceTree = "<group>"; };
		4FDAAFA823CE82F600EEBAAA /* DaonFaceQuality.framework */ = {isa = PBXFileReference; lastKnownFileType = wrapper.framework; path = DaonFaceQuality.framework; sourceTree = "<group>"; };
		4FDAAFA923CE82F600EEBAAA /* DaonFaceLivenessBlink.framework */ = {isa = PBXFileReference; lastKnownFileType = wrapper.framework; path = DaonFaceLivenessBlink.framework; sourceTree = "<group>"; };
		58D81F37F2053D6F7BA84C6F /* Pods-demoBuro.debug.xcconfig */ = {isa = PBXFileReference; includeInIndex = 1; lastKnownFileType = text.xcconfig; name = "Pods-demoBuro.debug.xcconfig"; path = "Target Support Files/Pods-demoBuro/Pods-demoBuro.debug.xcconfig"; sourceTree = "<group>"; };
		A17F7CC95B025293ABBDBB46 /* Pods-demoBuro-tvOS.debug.xcconfig */ = {isa = PBXFileReference; includeInIndex = 1; lastKnownFileType = text.xcconfig; name = "Pods-demoBuro-tvOS.debug.xcconfig"; path = "Target Support Files/Pods-demoBuro-tvOS/Pods-demoBuro-tvOS.debug.xcconfig"; sourceTree = "<group>"; };
		AF13ED43C32CE498EC8FA816 /* libPods-demoBuro.a */ = {isa = PBXFileReference; explicitFileType = archive.ar; includeInIndex = 0; path = "libPods-demoBuro.a"; sourceTree = BUILT_PRODUCTS_DIR; };
		C646DE8FF64A65F6EA2333C7 /* Pods-demoBuroTests.release.xcconfig */ = {isa = PBXFileReference; includeInIndex = 1; lastKnownFileType = text.xcconfig; name = "Pods-demoBuroTests.release.xcconfig"; path = "Target Support Files/Pods-demoBuroTests/Pods-demoBuroTests.release.xcconfig"; sourceTree = "<group>"; };
		C858DB76B8EB2DB8AAED150C /* libPods-demoBuro-tvOSTests.a */ = {isa = PBXFileReference; explicitFileType = archive.ar; includeInIndex = 0; path = "libPods-demoBuro-tvOSTests.a"; sourceTree = BUILT_PRODUCTS_DIR; };
		ED297162215061F000B7C4FE /* JavaScriptCore.framework */ = {isa = PBXFileReference; lastKnownFileType = wrapper.framework; name = JavaScriptCore.framework; path = System/Library/Frameworks/JavaScriptCore.framework; sourceTree = SDKROOT; };
		ED2971642150620600B7C4FE /* JavaScriptCore.framework */ = {isa = PBXFileReference; lastKnownFileType = wrapper.framework; name = JavaScriptCore.framework; path = Platforms/AppleTVOS.platform/Developer/SDKs/AppleTVOS12.0.sdk/System/Library/Frameworks/JavaScriptCore.framework; sourceTree = DEVELOPER_DIR; };
		ED93967C37DB93E345880388 /* Pods-demoBuro-tvOSTests.release.xcconfig */ = {isa = PBXFileReference; includeInIndex = 1; lastKnownFileType = text.xcconfig; name = "Pods-demoBuro-tvOSTests.release.xcconfig"; path = "Target Support Files/Pods-demoBuro-tvOSTests/Pods-demoBuro-tvOSTests.release.xcconfig"; sourceTree = "<group>"; };
/* End PBXFileReference section */

/* Begin PBXFrameworksBuildPhase section */
		00E356EB1AD99517003FC87E /* Frameworks */ = {
			isa = PBXFrameworksBuildPhase;
			buildActionMask = 2147483647;
			files = (
				0E8359268C5343BCDE973845 /* libPods-demoBuroTests.a in Frameworks */,
			);
			runOnlyForDeploymentPostprocessing = 0;
		};
		13B07F8C1A680F5B00A75B9A /* Frameworks */ = {
			isa = PBXFrameworksBuildPhase;
			buildActionMask = 2147483647;
			files = (
				4FDAAFB223CE82FC00EEBAAA /* DaonFaceLivenessBlink.framework in Frameworks */,
				69BE6B453D9832376E6D2919 /* libPods-demoBuro.a in Frameworks */,
				4FDAAFAF23CE82FA00EEBAAA /* DaonFaceLiveness.framework in Frameworks */,
				4FDAAFB623CE830100EEBAAA /* DaonFaceSDK.framework in Frameworks */,
				4FDAAFB423CE82FD00EEBAAA /* DaonFaceQuality.framework in Frameworks */,
				4FDAAFB823CE830300EEBAAA /* MiSnapLiveness.framework in Frameworks */,
			);
			runOnlyForDeploymentPostprocessing = 0;
		};
		2D02E4781E0B4A5D006451C7 /* Frameworks */ = {
			isa = PBXFrameworksBuildPhase;
			buildActionMask = 2147483647;
			files = (
				B9E459228497767459BEDF3F /* libPods-demoBuro-tvOS.a in Frameworks */,
			);
			runOnlyForDeploymentPostprocessing = 0;
		};
		2D02E48D1E0B4A5D006451C7 /* Frameworks */ = {
			isa = PBXFrameworksBuildPhase;
			buildActionMask = 2147483647;
			files = (
				594E6DDBFB48A3F47040146B /* libPods-demoBuro-tvOSTests.a in Frameworks */,
			);
			runOnlyForDeploymentPostprocessing = 0;
		};
/* End PBXFrameworksBuildPhase section */

/* Begin PBXGroup section */
		00E356EF1AD99517003FC87E /* demoBuroTests */ = {
			isa = PBXGroup;
			children = (
				00E356F21AD99517003FC87E /* demoBuroTests.m */,
				00E356F01AD99517003FC87E /* Supporting Files */,
			);
			path = demoBuroTests;
			sourceTree = "<group>";
		};
		00E356F01AD99517003FC87E /* Supporting Files */ = {
			isa = PBXGroup;
			children = (
				00E356F11AD99517003FC87E /* Info.plist */,
			);
			name = "Supporting Files";
			sourceTree = "<group>";
		};
		13B07FAE1A68108700A75B9A /* demoBuro */ = {
			isa = PBXGroup;
			children = (
				4FDAAF5223CE733400EEBAAA /* ViewControllers */,
				008F07F21AC5B25A0029DE68 /* main.jsbundle */,
				13B07FAF1A68108700A75B9A /* AppDelegate.h */,
				13B07FB01A68108700A75B9A /* AppDelegate.m */,
				13B07FB51A68108700A75B9A /* Images.xcassets */,
				13B07FB61A68108700A75B9A /* Info.plist */,
				13B07FB11A68108700A75B9A /* LaunchScreen.xib */,
				13B07FB71A68108700A75B9A /* main.m */,
			);
			name = demoBuro;
			sourceTree = "<group>";
		};
		2D16E6871FA4F8E400B85C8A /* Frameworks */ = {
			isa = PBXGroup;
			children = (
				4FDAAF8523CE74C700EEBAAA /* DaonFaceLiveness.framework */,
				4FDAAF8623CE74C700EEBAAA /* DaonFaceLivenessBlink.framework */,
				4FDAAF8823CE74C700EEBAAA /* DaonFaceQuality.framework */,
				4FDAAF8923CE74C700EEBAAA /* DaonFaceSDK.framework */,
				4FDAAF8723CE74C700EEBAAA /* MiSnapLiveness.framework */,
				ED297162215061F000B7C4FE /* JavaScriptCore.framework */,
				ED2971642150620600B7C4FE /* JavaScriptCore.framework */,
				AF13ED43C32CE498EC8FA816 /* libPods-demoBuro.a */,
				3E14C978AA86C41F390EA49D /* libPods-demoBuro-tvOS.a */,
				C858DB76B8EB2DB8AAED150C /* libPods-demoBuro-tvOSTests.a */,
				31E9BCADD9A888726B50F0F2 /* libPods-demoBuroTests.a */,
			);
			name = Frameworks;
			sourceTree = "<group>";
		};
		4FA1FAC914C7C322B0A07F90 /* Pods */ = {
			isa = PBXGroup;
			children = (
				58D81F37F2053D6F7BA84C6F /* Pods-demoBuro.debug.xcconfig */,
				05313610CB2EA2AF99AE9E8D /* Pods-demoBuro.release.xcconfig */,
				A17F7CC95B025293ABBDBB46 /* Pods-demoBuro-tvOS.debug.xcconfig */,
				425B1581AA8628A1FEB465DC /* Pods-demoBuro-tvOS.release.xcconfig */,
				02E3CF4F6E053CFAE7FB8C0D /* Pods-demoBuro-tvOSTests.debug.xcconfig */,
				ED93967C37DB93E345880388 /* Pods-demoBuro-tvOSTests.release.xcconfig */,
				39ABA1EC1652D3014A723879 /* Pods-demoBuroTests.debug.xcconfig */,
				C646DE8FF64A65F6EA2333C7 /* Pods-demoBuroTests.release.xcconfig */,
			);
			path = Pods;
			sourceTree = "<group>";
		};
		4FDAAF5223CE733400EEBAAA /* ViewControllers */ = {
			isa = PBXGroup;
			children = (
				4FDAAF5323CE733400EEBAAA /* MainViewController.m */,
				4FDAAF5423CE733400EEBAAA /* MainViewController.h */,
			);
			path = ViewControllers;
			sourceTree = "<group>";
		};
		4FDAAF5623CE746300EEBAAA /* FacialCaptureUX */ = {
			isa = PBXGroup;
			children = (
				4FDAAF5723CE746300EEBAAA /* NSString+Liveness.m */,
				4FDAAF5823CE746300EEBAAA /* LivenessHelpAutoViewController.h */,
				4FDAAF5923CE746300EEBAAA /* UINavigationController+Liveness.h */,
				4FDAAF5A23CE746300EEBAAA /* LivenessViewController.m */,
				4FDAAF5B23CE746300EEBAAA /* LivenessTutorialViewController.m */,
				4FDAAF5C23CE746300EEBAAA /* Storyboard */,
				4FDAAF6223CE746300EEBAAA /* LivenessHelpManualViewController.m */,
				4FDAAF6323CE746300EEBAAA /* Resources */,
				4FDAAF6A23CE746300EEBAAA /* Utils */,
				4FDAAF6F23CE746300EEBAAA /* LivenessTimeoutViewController.m */,
				4FDAAF7023CE746300EEBAAA /* LivenessHelpAutoViewController.m */,
				4FDAAF7123CE746300EEBAAA /* NSString+Liveness.h */,
				4FDAAF7223CE746300EEBAAA /* LivenessViewController.h */,
				4FDAAF7323CE746300EEBAAA /* UINavigationController+Liveness.m */,
				4FDAAF7423CE746300EEBAAA /* LivenessHelpManualViewController.h */,
				4FDAAF7523CE746300EEBAAA /* LivenessTutorialViewController.h */,
				4FDAAF7623CE746300EEBAAA /* LivenessTimeoutViewController.h */,
			);
			path = FacialCaptureUX;
			sourceTree = "<group>";
		};
		4FDAAF5C23CE746300EEBAAA /* Storyboard */ = {
			isa = PBXGroup;
			children = (
				4FDAAF5D23CE746300EEBAAA /* FacialCaptureUX.strings */,
				4FDAAF6023CE746300EEBAAA /* FacialCaptureUX.storyboard */,
			);
			path = Storyboard;
			sourceTree = "<group>";
		};
		4FDAAF6323CE746300EEBAAA /* Resources */ = {
			isa = PBXGroup;
			children = (
				4FDAAF6423CE746300EEBAAA /* FacialCaptureLocalizable.strings */,
				4FDAAF6823CE746300EEBAAA /* FacialCaptureAssets.xcassets */,
				4FDAAF6923CE746300EEBAAA /* liveness_photoshutter.wav */,
			);
			path = Resources;
			sourceTree = "<group>";
		};
		4FDAAF6A23CE746300EEBAAA /* Utils */ = {
			isa = PBXGroup;
			children = (
				4FDAAF6B23CE746300EEBAAA /* AutosizeLabel.h */,
				4FDAAF6C23CE746300EEBAAA /* LabelUtils.m */,
				4FDAAF6D23CE746300EEBAAA /* AutosizeLabel.m */,
				4FDAAF6E23CE746300EEBAAA /* LabelUtils.h */,
			);
			path = Utils;
			sourceTree = "<group>";
		};
		832341AE1AAA6A7D00B99B32 /* Libraries */ = {
			isa = PBXGroup;
			children = (
			);
			name = Libraries;
			sourceTree = "<group>";
		};
		83CBB9F61A601CBA00E9B192 = {
			isa = PBXGroup;
			children = (
				4FDAAFA723CE82F600EEBAAA /* DaonFaceLiveness.framework */,
				4FDAAFA923CE82F600EEBAAA /* DaonFaceLivenessBlink.framework */,
				4FDAAFA823CE82F600EEBAAA /* DaonFaceQuality.framework */,
				4FDAAFA523CE82F600EEBAAA /* DaonFaceSDK.framework */,
				4FDAAFA623CE82F600EEBAAA /* MiSnapLiveness.framework */,
				4FDAAF5623CE746300EEBAAA /* FacialCaptureUX */,
				13B07FAE1A68108700A75B9A /* demoBuro */,
				832341AE1AAA6A7D00B99B32 /* Libraries */,
				00E356EF1AD99517003FC87E /* demoBuroTests */,
				83CBBA001A601CBA00E9B192 /* Products */,
				2D16E6871FA4F8E400B85C8A /* Frameworks */,
				4FA1FAC914C7C322B0A07F90 /* Pods */,
			);
			indentWidth = 2;
			sourceTree = "<group>";
			tabWidth = 2;
			usesTabs = 0;
		};
		83CBBA001A601CBA00E9B192 /* Products */ = {
			isa = PBXGroup;
			children = (
				13B07F961A680F5B00A75B9A /* demoBuro.app */,
				00E356EE1AD99517003FC87E /* demoBuroTests.xctest */,
				2D02E47B1E0B4A5D006451C7 /* demoBuro-tvOS.app */,
				2D02E4901E0B4A5D006451C7 /* demoBuro-tvOSTests.xctest */,
			);
			name = Products;
			sourceTree = "<group>";
		};
/* End PBXGroup section */

/* Begin PBXNativeTarget section */
		00E356ED1AD99517003FC87E /* demoBuroTests */ = {
			isa = PBXNativeTarget;
			buildConfigurationList = 00E357021AD99517003FC87E /* Build configuration list for PBXNativeTarget "demoBuroTests" */;
			buildPhases = (
				B949684513AEE90B750B26EE /* [CP] Check Pods Manifest.lock */,
				00E356EA1AD99517003FC87E /* Sources */,
				00E356EB1AD99517003FC87E /* Frameworks */,
				00E356EC1AD99517003FC87E /* Resources */,
			);
			buildRules = (
			);
			dependencies = (
				00E356F51AD99517003FC87E /* PBXTargetDependency */,
			);
			name = demoBuroTests;
			productName = demoBuroTests;
			productReference = 00E356EE1AD99517003FC87E /* demoBuroTests.xctest */;
			productType = "com.apple.product-type.bundle.unit-test";
		};
		13B07F861A680F5B00A75B9A /* demoBuro */ = {
			isa = PBXNativeTarget;
			buildConfigurationList = 13B07F931A680F5B00A75B9A /* Build configuration list for PBXNativeTarget "demoBuro" */;
			buildPhases = (
				BE111F3E3D4DBD69ADADCEFA /* [CP] Check Pods Manifest.lock */,
				FD10A7F022414F080027D42C /* Start Packager */,
				13B07F871A680F5B00A75B9A /* Sources */,
				13B07F8C1A680F5B00A75B9A /* Frameworks */,
				13B07F8E1A680F5B00A75B9A /* Resources */,
				00DD1BFF1BD5951E006B06BC /* Bundle React Native code and images */,
				4FDAAFB123CE82FB00EEBAAA /* Embed Frameworks */,
			);
			buildRules = (
			);
			dependencies = (
			);
			name = demoBuro;
			productName = demoBuro;
			productReference = 13B07F961A680F5B00A75B9A /* demoBuro.app */;
			productType = "com.apple.product-type.application";
		};
		2D02E47A1E0B4A5D006451C7 /* demoBuro-tvOS */ = {
			isa = PBXNativeTarget;
			buildConfigurationList = 2D02E4BA1E0B4A5E006451C7 /* Build configuration list for PBXNativeTarget "demoBuro-tvOS" */;
			buildPhases = (
				505D524F567E78C5F5453072 /* [CP] Check Pods Manifest.lock */,
				FD10A7F122414F3F0027D42C /* Start Packager */,
				2D02E4771E0B4A5D006451C7 /* Sources */,
				2D02E4781E0B4A5D006451C7 /* Frameworks */,
				2D02E4791E0B4A5D006451C7 /* Resources */,
				2D02E4CB1E0B4B27006451C7 /* Bundle React Native Code And Images */,
			);
			buildRules = (
			);
			dependencies = (
			);
			name = "demoBuro-tvOS";
			productName = "demoBuro-tvOS";
			productReference = 2D02E47B1E0B4A5D006451C7 /* demoBuro-tvOS.app */;
			productType = "com.apple.product-type.application";
		};
		2D02E48F1E0B4A5D006451C7 /* demoBuro-tvOSTests */ = {
			isa = PBXNativeTarget;
			buildConfigurationList = 2D02E4BB1E0B4A5E006451C7 /* Build configuration list for PBXNativeTarget "demoBuro-tvOSTests" */;
			buildPhases = (
				EEB2B48C38B00CCC3B274FBC /* [CP] Check Pods Manifest.lock */,
				2D02E48C1E0B4A5D006451C7 /* Sources */,
				2D02E48D1E0B4A5D006451C7 /* Frameworks */,
				2D02E48E1E0B4A5D006451C7 /* Resources */,
			);
			buildRules = (
			);
			dependencies = (
				2D02E4921E0B4A5D006451C7 /* PBXTargetDependency */,
			);
			name = "demoBuro-tvOSTests";
			productName = "demoBuro-tvOSTests";
			productReference = 2D02E4901E0B4A5D006451C7 /* demoBuro-tvOSTests.xctest */;
			productType = "com.apple.product-type.bundle.unit-test";
		};
/* End PBXNativeTarget section */

/* Begin PBXProject section */
		83CBB9F71A601CBA00E9B192 /* Project object */ = {
			isa = PBXProject;
			attributes = {
				LastUpgradeCheck = 0940;
				ORGANIZATIONNAME = Facebook;
				TargetAttributes = {
					00E356ED1AD99517003FC87E = {
						CreatedOnToolsVersion = 6.2;
						TestTargetID = 13B07F861A680F5B00A75B9A;
					};
					2D02E47A1E0B4A5D006451C7 = {
						CreatedOnToolsVersion = 8.2.1;
						ProvisioningStyle = Automatic;
					};
					2D02E48F1E0B4A5D006451C7 = {
						CreatedOnToolsVersion = 8.2.1;
						ProvisioningStyle = Automatic;
						TestTargetID = 2D02E47A1E0B4A5D006451C7;
					};
				};
			};
			buildConfigurationList = 83CBB9FA1A601CBA00E9B192 /* Build configuration list for PBXProject "demoBuro" */;
			compatibilityVersion = "Xcode 3.2";
			developmentRegion = English;
			hasScannedForEncodings = 0;
			knownRegions = (
				English,
				en,
				Base,
				es,
			);
			mainGroup = 83CBB9F61A601CBA00E9B192;
			productRefGroup = 83CBBA001A601CBA00E9B192 /* Products */;
			projectDirPath = "";
			projectRoot = "";
			targets = (
				13B07F861A680F5B00A75B9A /* demoBuro */,
				00E356ED1AD99517003FC87E /* demoBuroTests */,
				2D02E47A1E0B4A5D006451C7 /* demoBuro-tvOS */,
				2D02E48F1E0B4A5D006451C7 /* demoBuro-tvOSTests */,
			);
		};
/* End PBXProject section */

/* Begin PBXResourcesBuildPhase section */
		00E356EC1AD99517003FC87E /* Resources */ = {
			isa = PBXResourcesBuildPhase;
			buildActionMask = 2147483647;
			files = (
			);
			runOnlyForDeploymentPostprocessing = 0;
		};
		13B07F8E1A680F5B00A75B9A /* Resources */ = {
			isa = PBXResourcesBuildPhase;
			buildActionMask = 2147483647;
			files = (
				13B07FBF1A68108700A75B9A /* Images.xcassets in Resources */,
				13B07FBD1A68108700A75B9A /* LaunchScreen.xib in Resources */,
				4FDAAF7B23CE746300EEBAAA /* FacialCaptureUX.storyboard in Resources */,
				4FDAAF7E23CE746300EEBAAA /* FacialCaptureAssets.xcassets in Resources */,
				4FDAAF7D23CE746300EEBAAA /* FacialCaptureLocalizable.strings in Resources */,
				4FDAAF7F23CE746300EEBAAA /* liveness_photoshutter.wav in Resources */,
				4FDAAF7A23CE746300EEBAAA /* FacialCaptureUX.strings in Resources */,
			);
			runOnlyForDeploymentPostprocessing = 0;
		};
		2D02E4791E0B4A5D006451C7 /* Resources */ = {
			isa = PBXResourcesBuildPhase;
			buildActionMask = 2147483647;
			files = (
				2D02E4BD1E0B4A84006451C7 /* Images.xcassets in Resources */,
			);
			runOnlyForDeploymentPostprocessing = 0;
		};
		2D02E48E1E0B4A5D006451C7 /* Resources */ = {
			isa = PBXResourcesBuildPhase;
			buildActionMask = 2147483647;
			files = (
			);
			runOnlyForDeploymentPostprocessing = 0;
		};
/* End PBXResourcesBuildPhase section */

/* Begin PBXShellScriptBuildPhase section */
		00DD1BFF1BD5951E006B06BC /* Bundle React Native code and images */ = {
			isa = PBXShellScriptBuildPhase;
			buildActionMask = 2147483647;
			files = (
			);
			inputPaths = (
			);
			name = "Bundle React Native code and images";
			outputPaths = (
			);
			runOnlyForDeploymentPostprocessing = 0;
			shellPath = /bin/sh;
			shellScript = "export NODE_BINARY=node\n../node_modules/react-native/scripts/react-native-xcode.sh";
		};
		2D02E4CB1E0B4B27006451C7 /* Bundle React Native Code And Images */ = {
			isa = PBXShellScriptBuildPhase;
			buildActionMask = 2147483647;
			files = (
			);
			inputPaths = (
			);
			name = "Bundle React Native Code And Images";
			outputPaths = (
			);
			runOnlyForDeploymentPostprocessing = 0;
			shellPath = /bin/sh;
			shellScript = "export NODE_BINARY=node\n../node_modules/react-native/scripts/react-native-xcode.sh";
		};
		505D524F567E78C5F5453072 /* [CP] Check Pods Manifest.lock */ = {
			isa = PBXShellScriptBuildPhase;
			buildActionMask = 2147483647;
			files = (
			);
			inputFileListPaths = (
			);
			inputPaths = (
				"${PODS_PODFILE_DIR_PATH}/Podfile.lock",
				"${PODS_ROOT}/Manifest.lock",
			);
			name = "[CP] Check Pods Manifest.lock";
			outputFileListPaths = (
			);
			outputPaths = (
				"$(DERIVED_FILE_DIR)/Pods-demoBuro-tvOS-checkManifestLockResult.txt",
			);
			runOnlyForDeploymentPostprocessing = 0;
			shellPath = /bin/sh;
			shellScript = "diff \"${PODS_PODFILE_DIR_PATH}/Podfile.lock\" \"${PODS_ROOT}/Manifest.lock\" > /dev/null\nif [ $? != 0 ] ; then\n    # print error to STDERR\n    echo \"error: The sandbox is not in sync with the Podfile.lock. Run 'pod install' or update your CocoaPods installation.\" >&2\n    exit 1\nfi\n# This output is used by Xcode 'outputs' to avoid re-running this script phase.\necho \"SUCCESS\" > \"${SCRIPT_OUTPUT_FILE_0}\"\n";
			showEnvVarsInLog = 0;
		};
		B949684513AEE90B750B26EE /* [CP] Check Pods Manifest.lock */ = {
			isa = PBXShellScriptBuildPhase;
			buildActionMask = 2147483647;
			files = (
			);
			inputFileListPaths = (
			);
			inputPaths = (
				"${PODS_PODFILE_DIR_PATH}/Podfile.lock",
				"${PODS_ROOT}/Manifest.lock",
			);
			name = "[CP] Check Pods Manifest.lock";
			outputFileListPaths = (
			);
			outputPaths = (
				"$(DERIVED_FILE_DIR)/Pods-demoBuroTests-checkManifestLockResult.txt",
			);
			runOnlyForDeploymentPostprocessing = 0;
			shellPath = /bin/sh;
			shellScript = "diff \"${PODS_PODFILE_DIR_PATH}/Podfile.lock\" \"${PODS_ROOT}/Manifest.lock\" > /dev/null\nif [ $? != 0 ] ; then\n    # print error to STDERR\n    echo \"error: The sandbox is not in sync with the Podfile.lock. Run 'pod install' or update your CocoaPods installation.\" >&2\n    exit 1\nfi\n# This output is used by Xcode 'outputs' to avoid re-running this script phase.\necho \"SUCCESS\" > \"${SCRIPT_OUTPUT_FILE_0}\"\n";
			showEnvVarsInLog = 0;
		};
		BE111F3E3D4DBD69ADADCEFA /* [CP] Check Pods Manifest.lock */ = {
			isa = PBXShellScriptBuildPhase;
			buildActionMask = 2147483647;
			files = (
			);
			inputFileListPaths = (
			);
			inputPaths = (
				"${PODS_PODFILE_DIR_PATH}/Podfile.lock",
				"${PODS_ROOT}/Manifest.lock",
			);
			name = "[CP] Check Pods Manifest.lock";
			outputFileListPaths = (
			);
			outputPaths = (
				"$(DERIVED_FILE_DIR)/Pods-demoBuro-checkManifestLockResult.txt",
			);
			runOnlyForDeploymentPostprocessing = 0;
			shellPath = /bin/sh;
			shellScript = "diff \"${PODS_PODFILE_DIR_PATH}/Podfile.lock\" \"${PODS_ROOT}/Manifest.lock\" > /dev/null\nif [ $? != 0 ] ; then\n    # print error to STDERR\n    echo \"error: The sandbox is not in sync with the Podfile.lock. Run 'pod install' or update your CocoaPods installation.\" >&2\n    exit 1\nfi\n# This output is used by Xcode 'outputs' to avoid re-running this script phase.\necho \"SUCCESS\" > \"${SCRIPT_OUTPUT_FILE_0}\"\n";
			showEnvVarsInLog = 0;
		};
		EEB2B48C38B00CCC3B274FBC /* [CP] Check Pods Manifest.lock */ = {
			isa = PBXShellScriptBuildPhase;
			buildActionMask = 2147483647;
			files = (
			);
			inputFileListPaths = (
			);
			inputPaths = (
				"${PODS_PODFILE_DIR_PATH}/Podfile.lock",
				"${PODS_ROOT}/Manifest.lock",
			);
			name = "[CP] Check Pods Manifest.lock";
			outputFileListPaths = (
			);
			outputPaths = (
				"$(DERIVED_FILE_DIR)/Pods-demoBuro-tvOSTests-checkManifestLockResult.txt",
			);
			runOnlyForDeploymentPostprocessing = 0;
			shellPath = /bin/sh;
			shellScript = "diff \"${PODS_PODFILE_DIR_PATH}/Podfile.lock\" \"${PODS_ROOT}/Manifest.lock\" > /dev/null\nif [ $? != 0 ] ; then\n    # print error to STDERR\n    echo \"error: The sandbox is not in sync with the Podfile.lock. Run 'pod install' or update your CocoaPods installation.\" >&2\n    exit 1\nfi\n# This output is used by Xcode 'outputs' to avoid re-running this script phase.\necho \"SUCCESS\" > \"${SCRIPT_OUTPUT_FILE_0}\"\n";
			showEnvVarsInLog = 0;
		};
		FD10A7F022414F080027D42C /* Start Packager */ = {
			isa = PBXShellScriptBuildPhase;
			buildActionMask = 2147483647;
			files = (
			);
			inputFileListPaths = (
			);
			inputPaths = (
			);
			name = "Start Packager";
			outputFileListPaths = (
			);
			outputPaths = (
			);
			runOnlyForDeploymentPostprocessing = 0;
			shellPath = /bin/sh;
			shellScript = "export RCT_METRO_PORT=\"${RCT_METRO_PORT:=8081}\"\necho \"export RCT_METRO_PORT=${RCT_METRO_PORT}\" > \"${SRCROOT}/../node_modules/react-native/scripts/.packager.env\"\nif [ -z \"${RCT_NO_LAUNCH_PACKAGER+xxx}\" ] ; then\n  if nc -w 5 -z localhost ${RCT_METRO_PORT} ; then\n    if ! curl -s \"http://localhost:${RCT_METRO_PORT}/status\" | grep -q \"packager-status:running\" ; then\n      echo \"Port ${RCT_METRO_PORT} already in use, packager is either not running or not running correctly\"\n      exit 2\n    fi\n  else\n    open \"$SRCROOT/../node_modules/react-native/scripts/launchPackager.command\" || echo \"Can't start packager automatically\"\n  fi\nfi\n";
			showEnvVarsInLog = 0;
		};
		FD10A7F122414F3F0027D42C /* Start Packager */ = {
			isa = PBXShellScriptBuildPhase;
			buildActionMask = 2147483647;
			files = (
			);
			inputFileListPaths = (
			);
			inputPaths = (
			);
			name = "Start Packager";
			outputFileListPaths = (
			);
			outputPaths = (
			);
			runOnlyForDeploymentPostprocessing = 0;
			shellPath = /bin/sh;
			shellScript = "export RCT_METRO_PORT=\"${RCT_METRO_PORT:=8081}\"\necho \"export RCT_METRO_PORT=${RCT_METRO_PORT}\" > \"${SRCROOT}/../node_modules/react-native/scripts/.packager.env\"\nif [ -z \"${RCT_NO_LAUNCH_PACKAGER+xxx}\" ] ; then\n  if nc -w 5 -z localhost ${RCT_METRO_PORT} ; then\n    if ! curl -s \"http://localhost:${RCT_METRO_PORT}/status\" | grep -q \"packager-status:running\" ; then\n      echo \"Port ${RCT_METRO_PORT} already in use, packager is either not running or not running correctly\"\n      exit 2\n    fi\n  else\n    open \"$SRCROOT/../node_modules/react-native/scripts/launchPackager.command\" || echo \"Can't start packager automatically\"\n  fi\nfi\n";
			showEnvVarsInLog = 0;
		};
/* End PBXShellScriptBuildPhase section */

/* Begin PBXSourcesBuildPhase section */
		00E356EA1AD99517003FC87E /* Sources */ = {
			isa = PBXSourcesBuildPhase;
			buildActionMask = 2147483647;
			files = (
				00E356F31AD99517003FC87E /* demoBuroTests.m in Sources */,
			);
			runOnlyForDeploymentPostprocessing = 0;
		};
		13B07F871A680F5B00A75B9A /* Sources */ = {
			isa = PBXSourcesBuildPhase;
			buildActionMask = 2147483647;
			files = (
				4FDAAF8023CE746300EEBAAA /* LabelUtils.m in Sources */,
				4FDAAF8323CE746300EEBAAA /* LivenessHelpAutoViewController.m in Sources */,
				4FDAAF8423CE746300EEBAAA /* UINavigationController+Liveness.m in Sources */,
				4FDAAF7923CE746300EEBAAA /* LivenessTutorialViewController.m in Sources */,
				4FDAAF7C23CE746300EEBAAA /* LivenessHelpManualViewController.m in Sources */,
				13B07FBC1A68108700A75B9A /* AppDelegate.m in Sources */,
				4FDAAF5523CE733400EEBAAA /* MainViewController.m in Sources */,
				4FDAAF7723CE746300EEBAAA /* NSString+Liveness.m in Sources */,
				13B07FC11A68108700A75B9A /* main.m in Sources */,
				4FDAAF8123CE746300EEBAAA /* AutosizeLabel.m in Sources */,
				4FDAAF7823CE746300EEBAAA /* LivenessViewController.m in Sources */,
				4FDAAF8223CE746300EEBAAA /* LivenessTimeoutViewController.m in Sources */,
			);
			runOnlyForDeploymentPostprocessing = 0;
		};
		2D02E4771E0B4A5D006451C7 /* Sources */ = {
			isa = PBXSourcesBuildPhase;
			buildActionMask = 2147483647;
			files = (
				2D02E4BF1E0B4AB3006451C7 /* main.m in Sources */,
				2D02E4BC1E0B4A80006451C7 /* AppDelegate.m in Sources */,
			);
			runOnlyForDeploymentPostprocessing = 0;
		};
		2D02E48C1E0B4A5D006451C7 /* Sources */ = {
			isa = PBXSourcesBuildPhase;
			buildActionMask = 2147483647;
			files = (
				2DCD954D1E0B4F2C00145EB5 /* demoBuroTests.m in Sources */,
			);
			runOnlyForDeploymentPostprocessing = 0;
		};
/* End PBXSourcesBuildPhase section */

/* Begin PBXTargetDependency section */
		00E356F51AD99517003FC87E /* PBXTargetDependency */ = {
			isa = PBXTargetDependency;
			target = 13B07F861A680F5B00A75B9A /* demoBuro */;
			targetProxy = 00E356F41AD99517003FC87E /* PBXContainerItemProxy */;
		};
		2D02E4921E0B4A5D006451C7 /* PBXTargetDependency */ = {
			isa = PBXTargetDependency;
			target = 2D02E47A1E0B4A5D006451C7 /* demoBuro-tvOS */;
			targetProxy = 2D02E4911E0B4A5D006451C7 /* PBXContainerItemProxy */;
		};
/* End PBXTargetDependency section */

/* Begin PBXVariantGroup section */
		13B07FB11A68108700A75B9A /* LaunchScreen.xib */ = {
			isa = PBXVariantGroup;
			children = (
				13B07FB21A68108700A75B9A /* Base */,
			);
			name = LaunchScreen.xib;
			path = demoBuro;
			sourceTree = "<group>";
		};
		4FDAAF5D23CE746300EEBAAA /* FacialCaptureUX.strings */ = {
			isa = PBXVariantGroup;
			children = (
				4FDAAF5E23CE746300EEBAAA /* en */,
				4FDAAF5F23CE746300EEBAAA /* es */,
			);
			name = FacialCaptureUX.strings;
			sourceTree = "<group>";
		};
		4FDAAF6023CE746300EEBAAA /* FacialCaptureUX.storyboard */ = {
			isa = PBXVariantGroup;
			children = (
				4FDAAF6123CE746300EEBAAA /* Base */,
			);
			name = FacialCaptureUX.storyboard;
			sourceTree = "<group>";
		};
		4FDAAF6423CE746300EEBAAA /* FacialCaptureLocalizable.strings */ = {
			isa = PBXVariantGroup;
			children = (
				4FDAAF6523CE746300EEBAAA /* en */,
				4FDAAF6623CE746300EEBAAA /* es */,
				4FDAAF6723CE746300EEBAAA /* Base */,
			);
			name = FacialCaptureLocalizable.strings;
			sourceTree = "<group>";
		};
/* End PBXVariantGroup section */

/* Begin XCBuildConfiguration section */
		00E356F61AD99517003FC87E /* Debug */ = {
			isa = XCBuildConfiguration;
			baseConfigurationReference = 39ABA1EC1652D3014A723879 /* Pods-demoBuroTests.debug.xcconfig */;
			buildSettings = {
				BUNDLE_LOADER = "$(TEST_HOST)";
				GCC_PREPROCESSOR_DEFINITIONS = (
					"DEBUG=1",
					"$(inherited)",
				);
				INFOPLIST_FILE = demoBuroTests/Info.plist;
				IPHONEOS_DEPLOYMENT_TARGET = 9.0;
				LD_RUNPATH_SEARCH_PATHS = "$(inherited) @executable_path/Frameworks @loader_path/Frameworks";
				OTHER_LDFLAGS = (
					"-ObjC",
					"-lc++",
					"$(inherited)",
				);
				PRODUCT_BUNDLE_IDENTIFIER = "org.reactjs.native.example.$(PRODUCT_NAME:rfc1034identifier)";
				PRODUCT_NAME = "$(TARGET_NAME)";
				TEST_HOST = "$(BUILT_PRODUCTS_DIR)/demoBuro.app/demoBuro";
			};
			name = Debug;
		};
		00E356F71AD99517003FC87E /* Release */ = {
			isa = XCBuildConfiguration;
			baseConfigurationReference = C646DE8FF64A65F6EA2333C7 /* Pods-demoBuroTests.release.xcconfig */;
			buildSettings = {
				BUNDLE_LOADER = "$(TEST_HOST)";
				COPY_PHASE_STRIP = NO;
				INFOPLIST_FILE = demoBuroTests/Info.plist;
				IPHONEOS_DEPLOYMENT_TARGET = 9.0;
				LD_RUNPATH_SEARCH_PATHS = "$(inherited) @executable_path/Frameworks @loader_path/Frameworks";
				OTHER_LDFLAGS = (
					"-ObjC",
					"-lc++",
					"$(inherited)",
				);
				PRODUCT_BUNDLE_IDENTIFIER = "org.reactjs.native.example.$(PRODUCT_NAME:rfc1034identifier)";
				PRODUCT_NAME = "$(TARGET_NAME)";
				TEST_HOST = "$(BUILT_PRODUCTS_DIR)/demoBuro.app/demoBuro";
			};
			name = Release;
		};
		13B07F941A680F5B00A75B9A /* Debug */ = {
			isa = XCBuildConfiguration;
			baseConfigurationReference = 58D81F37F2053D6F7BA84C6F /* Pods-demoBuro.debug.xcconfig */;
			buildSettings = {
				ASSETCATALOG_COMPILER_APPICON_NAME = AppIcon;
				CURRENT_PROJECT_VERSION = 1;
				DEAD_CODE_STRIPPING = NO;
				FRAMEWORK_SEARCH_PATHS = (
					"$(inherited)",
					"$(PROJECT_DIR)",
				);
				INFOPLIST_FILE = demoBuro/Info.plist;
				LD_RUNPATH_SEARCH_PATHS = "$(inherited) @executable_path/Frameworks";
				OTHER_LDFLAGS = (
					"$(inherited)",
					"-ObjC",
					"-lc++",
				);
				PRODUCT_BUNDLE_IDENTIFIER = "org.reactjs.native.example.$(PRODUCT_NAME:rfc1034identifier)";
				PRODUCT_NAME = demoBuro;
				VERSIONING_SYSTEM = "apple-generic";
			};
			name = Debug;
		};
		13B07F951A680F5B00A75B9A /* Release */ = {
			isa = XCBuildConfiguration;
			baseConfigurationReference = 05313610CB2EA2AF99AE9E8D /* Pods-demoBuro.release.xcconfig */;
			buildSettings = {
				ASSETCATALOG_COMPILER_APPICON_NAME = AppIcon;
				CURRENT_PROJECT_VERSION = 1;
				FRAMEWORK_SEARCH_PATHS = (
					"$(inherited)",
					"$(PROJECT_DIR)",
				);
				INFOPLIST_FILE = demoBuro/Info.plist;
				LD_RUNPATH_SEARCH_PATHS = "$(inherited) @executable_path/Frameworks";
				OTHER_LDFLAGS = (
					"$(inherited)",
					"-ObjC",
					"-lc++",
				);
				PRODUCT_BUNDLE_IDENTIFIER = "org.reactjs.native.example.$(PRODUCT_NAME:rfc1034identifier)";
				PRODUCT_NAME = demoBuro;
				VERSIONING_SYSTEM = "apple-generic";
			};
			name = Release;
		};
		2D02E4971E0B4A5E006451C7 /* Debug */ = {
			isa = XCBuildConfiguration;
			baseConfigurationReference = A17F7CC95B025293ABBDBB46 /* Pods-demoBuro-tvOS.debug.xcconfig */;
			buildSettings = {
				ASSETCATALOG_COMPILER_APPICON_NAME = "App Icon & Top Shelf Image";
				ASSETCATALOG_COMPILER_LAUNCHIMAGE_NAME = LaunchImage;
				CLANG_ANALYZER_NONNULL = YES;
				CLANG_WARN_DOCUMENTATION_COMMENTS = YES;
				CLANG_WARN_INFINITE_RECURSION = YES;
				CLANG_WARN_SUSPICIOUS_MOVE = YES;
				DEBUG_INFORMATION_FORMAT = dwarf;
				ENABLE_TESTABILITY = YES;
				GCC_NO_COMMON_BLOCKS = YES;
				INFOPLIST_FILE = "demoBuro-tvOS/Info.plist";
				LD_RUNPATH_SEARCH_PATHS = "$(inherited) @executable_path/Frameworks";
				OTHER_LDFLAGS = (
					"$(inherited)",
					"-ObjC",
					"-lc++",
				);
				PRODUCT_BUNDLE_IDENTIFIER = "com.facebook.REACT.demoBuro-tvOS";
				PRODUCT_NAME = "$(TARGET_NAME)";
				SDKROOT = appletvos;
				TARGETED_DEVICE_FAMILY = 3;
				TVOS_DEPLOYMENT_TARGET = 9.2;
			};
			name = Debug;
		};
		2D02E4981E0B4A5E006451C7 /* Release */ = {
			isa = XCBuildConfiguration;
			baseConfigurationReference = 425B1581AA8628A1FEB465DC /* Pods-demoBuro-tvOS.release.xcconfig */;
			buildSettings = {
				ASSETCATALOG_COMPILER_APPICON_NAME = "App Icon & Top Shelf Image";
				ASSETCATALOG_COMPILER_LAUNCHIMAGE_NAME = LaunchImage;
				CLANG_ANALYZER_NONNULL = YES;
				CLANG_WARN_DOCUMENTATION_COMMENTS = YES;
				CLANG_WARN_INFINITE_RECURSION = YES;
				CLANG_WARN_SUSPICIOUS_MOVE = YES;
				COPY_PHASE_STRIP = NO;
				DEBUG_INFORMATION_FORMAT = "dwarf-with-dsym";
				GCC_NO_COMMON_BLOCKS = YES;
				INFOPLIST_FILE = "demoBuro-tvOS/Info.plist";
				LD_RUNPATH_SEARCH_PATHS = "$(inherited) @executable_path/Frameworks";
				OTHER_LDFLAGS = (
					"$(inherited)",
					"-ObjC",
					"-lc++",
				);
				PRODUCT_BUNDLE_IDENTIFIER = "com.facebook.REACT.demoBuro-tvOS";
				PRODUCT_NAME = "$(TARGET_NAME)";
				SDKROOT = appletvos;
				TARGETED_DEVICE_FAMILY = 3;
				TVOS_DEPLOYMENT_TARGET = 9.2;
			};
			name = Release;
		};
		2D02E4991E0B4A5E006451C7 /* Debug */ = {
			isa = XCBuildConfiguration;
			baseConfigurationReference = 02E3CF4F6E053CFAE7FB8C0D /* Pods-demoBuro-tvOSTests.debug.xcconfig */;
			buildSettings = {
				BUNDLE_LOADER = "$(TEST_HOST)";
				CLANG_ANALYZER_NONNULL = YES;
				CLANG_WARN_DOCUMENTATION_COMMENTS = YES;
				CLANG_WARN_INFINITE_RECURSION = YES;
				CLANG_WARN_SUSPICIOUS_MOVE = YES;
				DEBUG_INFORMATION_FORMAT = dwarf;
				ENABLE_TESTABILITY = YES;
				GCC_NO_COMMON_BLOCKS = YES;
				INFOPLIST_FILE = "demoBuro-tvOSTests/Info.plist";
				LD_RUNPATH_SEARCH_PATHS = "$(inherited) @executable_path/Frameworks @loader_path/Frameworks";
				OTHER_LDFLAGS = (
					"$(inherited)",
					"-ObjC",
					"-lc++",
				);
				PRODUCT_BUNDLE_IDENTIFIER = "com.facebook.REACT.demoBuro-tvOSTests";
				PRODUCT_NAME = "$(TARGET_NAME)";
				SDKROOT = appletvos;
				TEST_HOST = "$(BUILT_PRODUCTS_DIR)/demoBuro-tvOS.app/demoBuro-tvOS";
				TVOS_DEPLOYMENT_TARGET = 10.1;
			};
			name = Debug;
		};
		2D02E49A1E0B4A5E006451C7 /* Release */ = {
			isa = XCBuildConfiguration;
			baseConfigurationReference = ED93967C37DB93E345880388 /* Pods-demoBuro-tvOSTests.release.xcconfig */;
			buildSettings = {
				BUNDLE_LOADER = "$(TEST_HOST)";
				CLANG_ANALYZER_NONNULL = YES;
				CLANG_WARN_DOCUMENTATION_COMMENTS = YES;
				CLANG_WARN_INFINITE_RECURSION = YES;
				CLANG_WARN_SUSPICIOUS_MOVE = YES;
				COPY_PHASE_STRIP = NO;
				DEBUG_INFORMATION_FORMAT = "dwarf-with-dsym";
				GCC_NO_COMMON_BLOCKS = YES;
				INFOPLIST_FILE = "demoBuro-tvOSTests/Info.plist";
				LD_RUNPATH_SEARCH_PATHS = "$(inherited) @executable_path/Frameworks @loader_path/Frameworks";
				OTHER_LDFLAGS = (
					"$(inherited)",
					"-ObjC",
					"-lc++",
				);
				PRODUCT_BUNDLE_IDENTIFIER = "com.facebook.REACT.demoBuro-tvOSTests";
				PRODUCT_NAME = "$(TARGET_NAME)";
				SDKROOT = appletvos;
				TEST_HOST = "$(BUILT_PRODUCTS_DIR)/demoBuro-tvOS.app/demoBuro-tvOS";
				TVOS_DEPLOYMENT_TARGET = 10.1;
			};
			name = Release;
		};
		83CBBA201A601CBA00E9B192 /* Debug */ = {
			isa = XCBuildConfiguration;
			buildSettings = {
				ALWAYS_SEARCH_USER_PATHS = NO;
				CLANG_CXX_LANGUAGE_STANDARD = "gnu++0x";
				CLANG_CXX_LIBRARY = "libc++";
				CLANG_ENABLE_MODULES = YES;
				CLANG_ENABLE_OBJC_ARC = YES;
				CLANG_WARN_BLOCK_CAPTURE_AUTORELEASING = YES;
				CLANG_WARN_BOOL_CONVERSION = YES;
				CLANG_WARN_COMMA = YES;
				CLANG_WARN_CONSTANT_CONVERSION = YES;
				CLANG_WARN_DEPRECATED_OBJC_IMPLEMENTATIONS = YES;
				CLANG_WARN_DIRECT_OBJC_ISA_USAGE = YES_ERROR;
				CLANG_WARN_EMPTY_BODY = YES;
				CLANG_WARN_ENUM_CONVERSION = YES;
				CLANG_WARN_INFINITE_RECURSION = YES;
				CLANG_WARN_INT_CONVERSION = YES;
				CLANG_WARN_NON_LITERAL_NULL_CONVERSION = YES;
				CLANG_WARN_OBJC_IMPLICIT_RETAIN_SELF = YES;
				CLANG_WARN_OBJC_LITERAL_CONVERSION = YES;
				CLANG_WARN_OBJC_ROOT_CLASS = YES_ERROR;
				CLANG_WARN_RANGE_LOOP_ANALYSIS = YES;
				CLANG_WARN_STRICT_PROTOTYPES = YES;
				CLANG_WARN_SUSPICIOUS_MOVE = YES;
				CLANG_WARN_UNREACHABLE_CODE = YES;
				CLANG_WARN__DUPLICATE_METHOD_MATCH = YES;
				"CODE_SIGN_IDENTITY[sdk=iphoneos*]" = "iPhone Developer";
				COPY_PHASE_STRIP = NO;
				ENABLE_STRICT_OBJC_MSGSEND = YES;
				ENABLE_TESTABILITY = YES;
				GCC_C_LANGUAGE_STANDARD = gnu99;
				GCC_DYNAMIC_NO_PIC = NO;
				GCC_NO_COMMON_BLOCKS = YES;
				GCC_OPTIMIZATION_LEVEL = 0;
				GCC_PREPROCESSOR_DEFINITIONS = (
					"DEBUG=1",
					"$(inherited)",
				);
				GCC_SYMBOLS_PRIVATE_EXTERN = NO;
				GCC_WARN_64_TO_32_BIT_CONVERSION = YES;
				GCC_WARN_ABOUT_RETURN_TYPE = YES_ERROR;
				GCC_WARN_UNDECLARED_SELECTOR = YES;
				GCC_WARN_UNINITIALIZED_AUTOS = YES_AGGRESSIVE;
				GCC_WARN_UNUSED_FUNCTION = YES;
				GCC_WARN_UNUSED_VARIABLE = YES;
				IPHONEOS_DEPLOYMENT_TARGET = 9.0;
				MTL_ENABLE_DEBUG_INFO = YES;
				ONLY_ACTIVE_ARCH = YES;
				SDKROOT = iphoneos;
			};
			name = Debug;
		};
		83CBBA211A601CBA00E9B192 /* Release */ = {
			isa = XCBuildConfiguration;
			buildSettings = {
				ALWAYS_SEARCH_USER_PATHS = NO;
				CLANG_CXX_LANGUAGE_STANDARD = "gnu++0x";
				CLANG_CXX_LIBRARY = "libc++";
				CLANG_ENABLE_MODULES = YES;
				CLANG_ENABLE_OBJC_ARC = YES;
				CLANG_WARN_BLOCK_CAPTURE_AUTORELEASING = YES;
				CLANG_WARN_BOOL_CONVERSION = YES;
				CLANG_WARN_COMMA = YES;
				CLANG_WARN_CONSTANT_CONVERSION = YES;
				CLANG_WARN_DEPRECATED_OBJC_IMPLEMENTATIONS = YES;
				CLANG_WARN_DIRECT_OBJC_ISA_USAGE = YES_ERROR;
				CLANG_WARN_EMPTY_BODY = YES;
				CLANG_WARN_ENUM_CONVERSION = YES;
				CLANG_WARN_INFINITE_RECURSION = YES;
				CLANG_WARN_INT_CONVERSION = YES;
				CLANG_WARN_NON_LITERAL_NULL_CONVERSION = YES;
				CLANG_WARN_OBJC_IMPLICIT_RETAIN_SELF = YES;
				CLANG_WARN_OBJC_LITERAL_CONVERSION = YES;
				CLANG_WARN_OBJC_ROOT_CLASS = YES_ERROR;
				CLANG_WARN_RANGE_LOOP_ANALYSIS = YES;
				CLANG_WARN_STRICT_PROTOTYPES = YES;
				CLANG_WARN_SUSPICIOUS_MOVE = YES;
				CLANG_WARN_UNREACHABLE_CODE = YES;
				CLANG_WARN__DUPLICATE_METHOD_MATCH = YES;
				"CODE_SIGN_IDENTITY[sdk=iphoneos*]" = "iPhone Developer";
				COPY_PHASE_STRIP = YES;
				ENABLE_NS_ASSERTIONS = NO;
				ENABLE_STRICT_OBJC_MSGSEND = YES;
				GCC_C_LANGUAGE_STANDARD = gnu99;
				GCC_NO_COMMON_BLOCKS = YES;
				GCC_WARN_64_TO_32_BIT_CONVERSION = YES;
				GCC_WARN_ABOUT_RETURN_TYPE = YES_ERROR;
				GCC_WARN_UNDECLARED_SELECTOR = YES;
				GCC_WARN_UNINITIALIZED_AUTOS = YES_AGGRESSIVE;
				GCC_WARN_UNUSED_FUNCTION = YES;
				GCC_WARN_UNUSED_VARIABLE = YES;
				IPHONEOS_DEPLOYMENT_TARGET = 9.0;
				MTL_ENABLE_DEBUG_INFO = NO;
				SDKROOT = iphoneos;
				VALIDATE_PRODUCT = YES;
			};
			name = Release;
		};
/* End XCBuildConfiguration section */

/* Begin XCConfigurationList section */
		00E357021AD99517003FC87E /* Build configuration list for PBXNativeTarget "demoBuroTests" */ = {
			isa = XCConfigurationList;
			buildConfigurations = (
				00E356F61AD99517003FC87E /* Debug */,
				00E356F71AD99517003FC87E /* Release */,
			);
			defaultConfigurationIsVisible = 0;
			defaultConfigurationName = Release;
		};
		13B07F931A680F5B00A75B9A /* Build configuration list for PBXNativeTarget "demoBuro" */ = {
			isa = XCConfigurationList;
			buildConfigurations = (
				13B07F941A680F5B00A75B9A /* Debug */,
				13B07F951A680F5B00A75B9A /* Release */,
			);
			defaultConfigurationIsVisible = 0;
			defaultConfigurationName = Release;
		};
		2D02E4BA1E0B4A5E006451C7 /* Build configuration list for PBXNativeTarget "demoBuro-tvOS" */ = {
			isa = XCConfigurationList;
			buildConfigurations = (
				2D02E4971E0B4A5E006451C7 /* Debug */,
				2D02E4981E0B4A5E006451C7 /* Release */,
			);
			defaultConfigurationIsVisible = 0;
			defaultConfigurationName = Release;
		};
		2D02E4BB1E0B4A5E006451C7 /* Build configuration list for PBXNativeTarget "demoBuro-tvOSTests" */ = {
			isa = XCConfigurationList;
			buildConfigurations = (
				2D02E4991E0B4A5E006451C7 /* Debug */,
				2D02E49A1E0B4A5E006451C7 /* Release */,
			);
			defaultConfigurationIsVisible = 0;
			defaultConfigurationName = Release;
		};
		83CBB9FA1A601CBA00E9B192 /* Build configuration list for PBXProject "demoBuro" */ = {
			isa = XCConfigurationList;
			buildConfigurations = (
				83CBBA201A601CBA00E9B192 /* Debug */,
				83CBBA211A601CBA00E9B192 /* Release */,
			);
			defaultConfigurationIsVisible = 0;
			defaultConfigurationName = Release;
		};
/* End XCConfigurationList section */
	};
	rootObject = 83CBB9F71A601CBA00E9B192 /* Project object */;
}
